
Microsoft Visual Studio Solution File, Format Version 12.00
# Visual Studio Version 17
VisualStudioVersion = 17.9.34607.119
MinimumVisualStudioVersion = 10.0.40219.1
Project("{FAE04EC0-301F-11D3-BF4B-00C04F79EFBC}") = "SystemProgramming_HW_5", "SystemProgramming_HW_5\SystemProgramming_HW_5.csproj", "{29381F38-E6BD-476D-8B1B-96D0E572DEEA}"
EndProject
Global
	GlobalSection(SolutionConfigurationPlatforms) = preSolution
		Debug|Any CPU = Debug|Any CPU
		Release|Any CPU = Release|Any CPU
	EndGlobalSection
	GlobalSection(ProjectConfigurationPlatforms) = postSolution
		{29381F38-E6BD-476D-8B1B-96D0E572DEEA}.Debug|Any CPU.ActiveCfg = Debug|Any CPU
		{29381F38-E6BD-476D-8B1B-96D0E572DEEA}.Debug|Any CPU.Build.0 = Debug|Any CPU
		{29381F38-E6BD-476D-8B1B-96D0E572DEEA}.Release|Any CPU.ActiveCfg = Release|Any CPU
		{29381F38-E6BD-476D-8B1B-96D0E572DEEA}.Release|Any CPU.Build.0 = Release|Any CPU
	EndGlobalSection
	GlobalSection(SolutionProperties) = preSolution
		HideSolutionNode = FALSE
	EndGlobalSection
	GlobalSection(ExtensibilityGlobals) = postSolution
		SolutionGuid = {78DE71F5-827E-419A-96D0-6F44E6693517}
	EndGlobalSection
EndGlobal
