
Microsoft Visual Studio Solution File, Format Version 12.00
# Visual Studio Version 17
VisualStudioVersion = 17.9.34622.214
MinimumVisualStudioVersion = 10.0.40219.1
Project("{FAE04EC0-301F-11D3-BF4B-00C04F79EFBC}") = "SystemProgramming_HW_9", "SystemProgramming_HW_9\SystemProgramming_HW_9.csproj", "{453C6307-EF7E-4A3F-BA34-BAFC7962ECF0}"
EndProject
Global
	GlobalSection(SolutionConfigurationPlatforms) = preSolution
		Debug|Any CPU = Debug|Any CPU
		Release|Any CPU = Release|Any CPU
	EndGlobalSection
	GlobalSection(ProjectConfigurationPlatforms) = postSolution
		{453C6307-EF7E-4A3F-BA34-BAFC7962ECF0}.Debug|Any CPU.ActiveCfg = Debug|Any CPU
		{453C6307-EF7E-4A3F-BA34-BAFC7962ECF0}.Debug|Any CPU.Build.0 = Debug|Any CPU
		{453C6307-EF7E-4A3F-BA34-BAFC7962ECF0}.Release|Any CPU.ActiveCfg = Release|Any CPU
		{453C6307-EF7E-4A3F-BA34-BAFC7962ECF0}.Release|Any CPU.Build.0 = Release|Any CPU
	EndGlobalSection
	GlobalSection(SolutionProperties) = preSolution
		HideSolutionNode = FALSE
	EndGlobalSection
	GlobalSection(ExtensibilityGlobals) = postSolution
		SolutionGuid = {1B1E0EE6-335B-4DDD-8D8B-6148CC8A6069}
	EndGlobalSection
EndGlobal
